
Microsoft Visual Studio Solution File, Format Version 12.00
# Visual Studio 15
VisualStudioVersion = 15.0.28010.2048
MinimumVisualStudioVersion = 10.0.40219.1
Project("{FAE04EC0-301F-11D3-BF4B-00C04F79EFBC}") = "You only need one_8kyu", "You only need one_8kyu\You only need one_8kyu.csproj", "{5A19C27E-2D9B-4AF2-B5A3-C474162E41F8}"
EndProject
Global
	GlobalSection(SolutionConfigurationPlatforms) = preSolution
		Debug|Any CPU = Debug|Any CPU
		Release|Any CPU = Release|Any CPU
	EndGlobalSection
	GlobalSection(ProjectConfigurationPlatforms) = postSolution
		{5A19C27E-2D9B-4AF2-B5A3-C474162E41F8}.Debug|Any CPU.ActiveCfg = Debug|Any CPU
		{5A19C27E-2D9B-4AF2-B5A3-C474162E41F8}.Debug|Any CPU.Build.0 = Debug|Any CPU
		{5A19C27E-2D9B-4AF2-B5A3-C474162E41F8}.Release|Any CPU.ActiveCfg = Release|Any CPU
		{5A19C27E-2D9B-4AF2-B5A3-C474162E41F8}.Release|Any CPU.Build.0 = Release|Any CPU
	EndGlobalSection
	GlobalSection(SolutionProperties) = preSolution
		HideSolutionNode = FALSE
	EndGlobalSection
	GlobalSection(ExtensibilityGlobals) = postSolution
		SolutionGuid = {3EFD17D3-7DBD-4F77-B309-ADF46A33645B}
	EndGlobalSection
EndGlobal
