
Microsoft Visual Studio Solution File, Format Version 12.00
# Visual Studio 15
VisualStudioVersion = 15.0.28307.168
MinimumVisualStudioVersion = 10.0.40219.1
Project("{FAE04EC0-301F-11D3-BF4B-00C04F79EFBC}") = "Are You Playing Banjo_8kyu", "Are You Playing Banjo_8kyu\Are You Playing Banjo_8kyu.csproj", "{77B227F6-9890-4BC7-A427-54F034D8150B}"
EndProject
Global
	GlobalSection(SolutionConfigurationPlatforms) = preSolution
		Debug|Any CPU = Debug|Any CPU
		Release|Any CPU = Release|Any CPU
	EndGlobalSection
	GlobalSection(ProjectConfigurationPlatforms) = postSolution
		{77B227F6-9890-4BC7-A427-54F034D8150B}.Debug|Any CPU.ActiveCfg = Debug|Any CPU
		{77B227F6-9890-4BC7-A427-54F034D8150B}.Debug|Any CPU.Build.0 = Debug|Any CPU
		{77B227F6-9890-4BC7-A427-54F034D8150B}.Release|Any CPU.ActiveCfg = Release|Any CPU
		{77B227F6-9890-4BC7-A427-54F034D8150B}.Release|Any CPU.Build.0 = Release|Any CPU
	EndGlobalSection
	GlobalSection(SolutionProperties) = preSolution
		HideSolutionNode = FALSE
	EndGlobalSection
	GlobalSection(ExtensibilityGlobals) = postSolution
		SolutionGuid = {5D194D7E-2788-4A4A-A7EB-1169FF39D018}
	EndGlobalSection
EndGlobal
