
Microsoft Visual Studio Solution File, Format Version 12.00
# Visual Studio 15
VisualStudioVersion = 15.0.28010.2048
MinimumVisualStudioVersion = 10.0.40219.1
Project("{FAE04EC0-301F-11D3-BF4B-00C04F79EFBC}") = "HighestScoringWord_6kyu", "HighestScoringWord_6kyu\HighestScoringWord_6kyu.csproj", "{03770D78-CBE9-4384-B7AA-4BE76C712D2B}"
EndProject
Global
	GlobalSection(SolutionConfigurationPlatforms) = preSolution
		Debug|Any CPU = Debug|Any CPU
		Release|Any CPU = Release|Any CPU
	EndGlobalSection
	GlobalSection(ProjectConfigurationPlatforms) = postSolution
		{03770D78-CBE9-4384-B7AA-4BE76C712D2B}.Debug|Any CPU.ActiveCfg = Debug|Any CPU
		{03770D78-CBE9-4384-B7AA-4BE76C712D2B}.Debug|Any CPU.Build.0 = Debug|Any CPU
		{03770D78-CBE9-4384-B7AA-4BE76C712D2B}.Release|Any CPU.ActiveCfg = Release|Any CPU
		{03770D78-CBE9-4384-B7AA-4BE76C712D2B}.Release|Any CPU.Build.0 = Release|Any CPU
	EndGlobalSection
	GlobalSection(SolutionProperties) = preSolution
		HideSolutionNode = FALSE
	EndGlobalSection
	GlobalSection(ExtensibilityGlobals) = postSolution
		SolutionGuid = {63C8C5A7-227B-4091-80C1-FEB87F5118F6}
	EndGlobalSection
EndGlobal
