
Microsoft Visual Studio Solution File, Format Version 12.00
# Visual Studio 15
VisualStudioVersion = 15.0.28307.329
MinimumVisualStudioVersion = 10.0.40219.1
Project("{FAE04EC0-301F-11D3-BF4B-00C04F79EFBC}") = "Stop_gninnipS_My_sdroW", "Stop_gninnipS_My_sdroW\Stop_gninnipS_My_sdroW.csproj", "{ACCA0D70-BBA3-42C0-81B1-5203ED06AA6B}"
EndProject
Global
	GlobalSection(SolutionConfigurationPlatforms) = preSolution
		Debug|Any CPU = Debug|Any CPU
		Release|Any CPU = Release|Any CPU
	EndGlobalSection
	GlobalSection(ProjectConfigurationPlatforms) = postSolution
		{ACCA0D70-BBA3-42C0-81B1-5203ED06AA6B}.Debug|Any CPU.ActiveCfg = Debug|Any CPU
		{ACCA0D70-BBA3-42C0-81B1-5203ED06AA6B}.Debug|Any CPU.Build.0 = Debug|Any CPU
		{ACCA0D70-BBA3-42C0-81B1-5203ED06AA6B}.Release|Any CPU.ActiveCfg = Release|Any CPU
		{ACCA0D70-BBA3-42C0-81B1-5203ED06AA6B}.Release|Any CPU.Build.0 = Release|Any CPU
	EndGlobalSection
	GlobalSection(SolutionProperties) = preSolution
		HideSolutionNode = FALSE
	EndGlobalSection
	GlobalSection(ExtensibilityGlobals) = postSolution
		SolutionGuid = {0EA095B1-5762-4A24-B258-50EC1DD2636A}
	EndGlobalSection
EndGlobal
