
Microsoft Visual Studio Solution File, Format Version 12.00
# Visual Studio 15
VisualStudioVersion = 15.0.28307.168
MinimumVisualStudioVersion = 10.0.40219.1
Project("{FAE04EC0-301F-11D3-BF4B-00C04F79EFBC}") = "AlphabetWar_7kyu", "AlphabetWar_7kyu\AlphabetWar_7kyu.csproj", "{DC89980E-C963-4542-8A52-02944E2C2F50}"
EndProject
Global
	GlobalSection(SolutionConfigurationPlatforms) = preSolution
		Debug|Any CPU = Debug|Any CPU
		Release|Any CPU = Release|Any CPU
	EndGlobalSection
	GlobalSection(ProjectConfigurationPlatforms) = postSolution
		{DC89980E-C963-4542-8A52-02944E2C2F50}.Debug|Any CPU.ActiveCfg = Debug|Any CPU
		{DC89980E-C963-4542-8A52-02944E2C2F50}.Debug|Any CPU.Build.0 = Debug|Any CPU
		{DC89980E-C963-4542-8A52-02944E2C2F50}.Release|Any CPU.ActiveCfg = Release|Any CPU
		{DC89980E-C963-4542-8A52-02944E2C2F50}.Release|Any CPU.Build.0 = Release|Any CPU
	EndGlobalSection
	GlobalSection(SolutionProperties) = preSolution
		HideSolutionNode = FALSE
	EndGlobalSection
	GlobalSection(ExtensibilityGlobals) = postSolution
		SolutionGuid = {4892B34C-8457-453E-ABBA-ED24BCDF8F6F}
	EndGlobalSection
EndGlobal
